{
  "name": "colourpicker",
  "version": "1.0.0",
  "lockfileVersion": 1,
  "requires": true,
  "dependencies": {
    "@ctrl/tinycolor": {
      "version": "2.5.3",
      "resolved": "https://registry.npmjs.org/@ctrl/tinycolor/-/tinycolor-2.5.3.tgz",
      "integrity": "sha512-tu0Xqhz0AI5LoU2yyz4asVAev4hzWt30dutbY6Nu7pKvLX0JP5p6NJ5uomwC/blhLMk88hVgXRODFlTB+c03Nw=="
    }
  }
}
